Microsoft Visual Studio Solution File, Format Version 12.00
# Visual Studio Version 17
VisualStudioVersion = 17.5.2.0
MinimumVisualStudioVersion = 10.0.40219.1
Project("{FAE04EC0-301F-11D3-BF4B-00C04F79EFBC}") = "PaypalIntegrationAPI", "PaypalIntegrationAPI.csproj", "{8390CCF0-BEBB-5AD5-A24B-084CF27CB098}"
EndProject
Global
	GlobalSection(SolutionConfigurationPlatforms) = preSolution
		Debug|Any CPU = Debug|Any CPU
		Release|Any CPU = Release|Any CPU
	EndGlobalSection
	GlobalSection(ProjectConfigurationPlatforms) = postSolution
		{8390CCF0-BEBB-5AD5-A24B-084CF27CB098}.Debug|Any CPU.ActiveCfg = Debug|Any CPU
		{8390CCF0-BEBB-5AD5-A24B-084CF27CB098}.Debug|Any CPU.Build.0 = Debug|Any CPU
		{8390CCF0-BEBB-5AD5-A24B-084CF27CB098}.Release|Any CPU.ActiveCfg = Release|Any CPU
		{8390CCF0-BEBB-5AD5-A24B-084CF27CB098}.Release|Any CPU.Build.0 = Release|Any CPU
	EndGlobalSection
	GlobalSection(SolutionProperties) = preSolution
		HideSolutionNode = FALSE
	EndGlobalSection
	GlobalSection(ExtensibilityGlobals) = postSolution
		SolutionGuid = {B87621F7-C083-4740-866E-B50101136DF1}
	EndGlobalSection
EndGlobal
